
Microsoft Visual Studio Solution File, Format Version 12.00
# Visual Studio Version 17
VisualStudioVersion = 17.7.34202.233
MinimumVisualStudioVersion = 10.0.40219.1
Project("{FAE04EC0-301F-11D3-BF4B-00C04F79EFBC}") = "EdukateMVC", "EdukateMVC.csproj", "{844A0526-1B53-47E2-B02D-6AB149D07E4E}"
EndProject
Global
	GlobalSection(SolutionConfigurationPlatforms) = preSolution
		Debug|Any CPU = Debug|Any CPU
		Release|Any CPU = Release|Any CPU
	EndGlobalSection
	GlobalSection(ProjectConfigurationPlatforms) = postSolution
		{844A0526-1B53-47E2-B02D-6AB149D07E4E}.Debug|Any CPU.ActiveCfg = Debug|Any CPU
		{844A0526-1B53-47E2-B02D-6AB149D07E4E}.Debug|Any CPU.Build.0 = Debug|Any CPU
		{844A0526-1B53-47E2-B02D-6AB149D07E4E}.Release|Any CPU.ActiveCfg = Release|Any CPU
		{844A0526-1B53-47E2-B02D-6AB149D07E4E}.Release|Any CPU.Build.0 = Release|Any CPU
	EndGlobalSection
	GlobalSection(SolutionProperties) = preSolution
		HideSolutionNode = FALSE
	EndGlobalSection
	GlobalSection(ExtensibilityGlobals) = postSolution
		SolutionGuid = {8ABF3604-623D-455C-BE12-67F3630A60C2}
	EndGlobalSection
EndGlobal
